// !$*UTF8*$!
{
	archiveVersion = 1;
	classes = {
	};
	objectVersion = 50;
	objects = {

/* Begin PBXBuildFile section */
		227259E0242FE46C00E70A46 /* AppDelegate.swift in Sources */ = {isa = PBXBuildFile; fileRef = 227259DF242FE46C00E70A46 /* AppDelegate.swift */; };
		227259E2242FE46C00E70A46 /* SceneDelegate.swift in Sources */ = {isa = PBXBuildFile; fileRef = 227259E1242FE46C00E70A46 /* SceneDelegate.swift */; };
		227259E4242FE46C00E70A46 /* ContentView.swift in Sources */ = {isa = PBXBuildFile; fileRef = 227259E3242FE46C00E70A46 /* ContentView.swift */; };
		227259E6242FE46F00E70A46 /* Assets.xcassets in Resources */ = {isa = PBXBuildFile; fileRef = 227259E5242FE46F00E70A46 /* Assets.xcassets */; };
		227259E9242FE46F00E70A46 /* Preview Assets.xcassets in Resources */ = {isa = PBXBuildFile; fileRef = 227259E8242FE46F00E70A46 /* Preview Assets.xcassets */; };
		227259EC242FE46F00E70A46 /* LaunchScreen.storyboard in Resources */ = {isa = PBXBuildFile; fileRef = 227259EA242FE46F00E70A46 /* LaunchScreen.storyboard */; };
		22E33B75243040BB00F651AB /* DetailView.swift in Sources */ = {isa = PBXBuildFile; fileRef = 22E33B74243040BB00F651AB /* DetailView.swift */; };
		22E33B772430663300F651AB /* SignUpView.swift in Sources */ = {isa = PBXBuildFile; fileRef = 22E33B762430663300F651AB /* SignUpView.swift */; };
/* End PBXBuildFile section */

/* Begin PBXFileReference section */
		227259DC242FE46C00E70A46 /* Flex.app */ = {isa = PBXFileReference; explicitFileType = wrapper.application; includeInIndex = 0; path = Flex.app; sourceTree = BUILT_PRODUCTS_DIR; };
		227259DF242FE46C00E70A46 /* AppDelegate.swift */ = {isa = PBXFileReference; lastKnownFileType = sourcecode.swift; path = AppDelegate.swift; sourceTree = "<group>"; };
		227259E1242FE46C00E70A46 /* SceneDelegate.swift */ = {isa = PBXFileReference; lastKnownFileType = sourcecode.swift; path = SceneDelegate.swift; sourceTree = "<group>"; };
		227259E3242FE46C00E70A46 /* ContentView.swift */ = {isa = PBXFileReference; lastKnownFileType = sourcecode.swift; path = ContentView.swift; sourceTree = "<group>"; };
		227259E5242FE46F00E70A46 /* Assets.xcassets */ = {isa = PBXFileReference; lastKnownFileType = folder.assetcatalog; path = Assets.xcassets; sourceTree = "<group>"; };
		227259E8242FE46F00E70A46 /* Preview Assets.xcassets */ = {isa = PBXFileReference; lastKnownFileType = folder.assetcatalog; path = "Preview Assets.xcassets"; sourceTree = "<group>"; };
		227259EB242FE46F00E70A46 /* Base */ = {isa = PBXFileReference; lastKnownFileType = file.storyboard; name = Base; path = Base.lproj/LaunchScreen.storyboard; sourceTree = "<group>"; };
		227259ED242FE46F00E70A46 /* Info.plist */ = {isa = PBXFileReference; lastKnownFileType = text.plist.xml; path = Info.plist; sourceTree = "<group>"; };
		22E33B74243040BB00F651AB /* DetailView.swift */ = {isa = PBXFileReference; lastKnownFileType = sourcecode.swift; path = DetailView.swift; sourceTree = "<group>"; };
		22E33B762430663300F651AB /* SignUpView.swift */ = {isa = PBXFileReference; lastKnownFileType = sourcecode.swift; path = SignUpView.swift; sourceTree = "<group>"; };
/* End PBXFileReference section */

/* Begin PBXFrameworksBuildPhase section */
		227259D9242FE46C00E70A46 /* Frameworks */ = {
			isa = PBXFrameworksBuildPhase;
			buildActionMask = 2147483647;
			files = (
			);
			runOnlyForDeploymentPostprocessing = 0;
		};
/* End PBXFrameworksBuildPhase section */

/* Begin PBXGroup section */
		227259D3242FE46C00E70A46 = {
			isa = PBXGroup;
			children = (
				227259DE242FE46C00E70A46 /* Flex */,
				227259DD242FE46C00E70A46 /* Products */,
			);
			sourceTree = "<group>";
		};
		227259DD242FE46C00E70A46 /* Products */ = {
			isa = PBXGroup;
			children = (
				227259DC242FE46C00E70A46 /* Flex.app */,
			);
			name = Products;
			sourceTree = "<group>";
		};
		227259DE242FE46C00E70A46 /* Flex */ = {
			isa = PBXGroup;
			children = (
				227259DF242FE46C00E70A46 /* AppDelegate.swift */,
				227259E1242FE46C00E70A46 /* SceneDelegate.swift */,
				22E33B74243040BB00F651AB /* DetailView.swift */,
				227259E3242FE46C00E70A46 /* ContentView.swift */,
				22E33B762430663300F651AB /* SignUpView.swift */,
				227259E5242FE46F00E70A46 /* Assets.xcassets */,
				227259EA242FE46F00E70A46 /* LaunchScreen.storyboard */,
				227259ED242FE46F00E70A46 /* Info.plist */,
				227259E7242FE46F00E70A46 /* Preview Content */,
			);
			path = Flex;
			sourceTree = "<group>";
		};
		227259E7242FE46F00E70A46 /* Preview Content */ = {
			isa = PBXGroup;
			children = (
				227259E8242FE46F00E70A46 /* Preview Assets.xcassets */,
			);
			path = "Preview Content";
			sourceTree = "<group>";
		};
/* End PBXGroup section */

/* Begin PBXNativeTarget section */
		227259DB242FE46C00E70A46 /* Flex */ = {
			isa = PBXNativeTarget;
			buildConfigurationList = 227259F0242FE46F00E70A46 /* Build configuration list for PBXNativeTarget "Flex" */;
			buildPhases = (
				227259D8242FE46C00E70A46 /* Sources */,
				227259D9242FE46C00E70A46 /* Frameworks */,
				227259DA242FE46C00E70A46 /* Resources */,
			);
			buildRules = (
			);
			dependencies = (
			);
			name = Flex;
			productName = Flex;
			productReference = 227259DC242FE46C00E70A46 /* Flex.app */;
			productType = "com.apple.product-type.application";
		};
/* End PBXNativeTarget section */

/* Begin PBXProject section */
		227259D4242FE46C00E70A46 /* Project object */ = {
			isa = PBXProject;
			attributes = {
				LastSwiftUpdateCheck = 1130;
				LastUpgradeCheck = 1130;
				ORGANIZATIONNAME = Tim;
				TargetAttributes = {
					227259DB242FE46C00E70A46 = {
						CreatedOnToolsVersion = 11.3.1;
					};
				};
			};
			buildConfigurationList = 227259D7242FE46C00E70A46 /* Build configuration list for PBXProject "Flex" */;
			compatibilityVersion = "Xcode 9.3";
			developmentRegion = en;
			hasScannedForEncodings = 0;
			knownRegions = (
				en,
				Base,
			);
			mainGroup = 227259D3242FE46C00E70A46;
			productRefGroup = 227259DD242FE46C00E70A46 /* Products */;
			projectDirPath = "";
			projectRoot = "";
			targets = (
				227259DB242FE46C00E70A46 /* Flex */,
			);
		};
/* End PBXProject section */

/* Begin PBXResourcesBuildPhase section */
		227259DA242FE46C00E70A46 /* Resources */ = {
			isa = PBXResourcesBuildPhase;
			buildActionMask = 2147483647;
			files = (
				227259EC242FE46F00E70A46 /* LaunchScreen.storyboard in Resources */,
				227259E9242FE46F00E70A46 /* Preview Assets.xcassets in Resources */,
				227259E6242FE46F00E70A46 /* Assets.xcassets in Resources */,
			);
			runOnlyForDeploymentPostprocessing = 0;
		};
/* End PBXResourcesBuildPhase section */

/* Begin PBXSourcesBuildPhase section */
		227259D8242FE46C00E70A46 /* Sources */ = {
			isa = PBXSourcesBuildPhase;
			buildActionMask = 2147483647;
			files = (
				227259E0242FE46C00E70A46 /* AppDelegate.swift in Sources */,
				22E33B772430663300F651AB /* SignUpView.swift in Sources */,
				22E33B75243040BB00F651AB /* DetailView.swift in Sources */,
				227259E2242FE46C00E70A46 /* SceneDelegate.swift in Sources */,
				227259E4242FE46C00E70A46 /* ContentView.swift in Sources */,
			);
			runOnlyForDeploymentPostprocessing = 0;
		};
/* End PBXSourcesBuildPhase section */

/* Begin PBXVariantGroup section */
		227259EA242FE46F00E70A46 /* LaunchScreen.storyboard */ = {
			isa = PBXVariantGroup;
			children = (
				227259EB242FE46F00E70A46 /* Base */,
			);
			name = LaunchScreen.storyboard;
			sourceTree = "<group>";
		};
/* End PBXVariantGroup section */

/* Begin XCBuildConfiguration section */
		227259EE242FE46F00E70A46 /* Debug */ = {
			isa = XCBuildConfiguration;
			buildSettings = {
				ALWAYS_SEARCH_USER_PATHS = NO;
				CLANG_ANALYZER_NONNULL = YES;
				CLANG_ANALYZER_NUMBER_OBJECT_CONVERSION = YES_AGGRESSIVE;
				CLANG_CXX_LANGUAGE_STANDARD = "gnu++14";
				CLANG_CXX_LIBRARY = "libc++";
				CLANG_ENABLE_MODULES = YES;
				CLANG_ENABLE_OBJC_ARC = YES;
				CLANG_ENABLE_OBJC_WEAK = YES;
				CLANG_WARN_BLOCK_CAPTURE_AUTORELEASING = YES;
				CLANG_WARN_BOOL_CONVERSION = YES;
				CLANG_WARN_COMMA = YES;
				CLANG_WARN_CONSTANT_CONVERSION = YES;
				CLANG_WARN_DEPRECATED_OBJC_IMPLEMENTATIONS = YES;
				CLANG_WARN_DIRECT_OBJC_ISA_USAGE = YES_ERROR;
				CLANG_WARN_DOCUMENTATION_COMMENTS = YES;
				CLANG_WARN_EMPTY_BODY = YES;
				CLANG_WARN_ENUM_CONVERSION = YES;
				CLANG_WARN_INFINITE_RECURSION = YES;
				CLANG_WARN_INT_CONVERSION = YES;
				CLANG_WARN_NON_LITERAL_NULL_CONVERSION = YES;
				CLANG_WARN_OBJC_IMPLICIT_RETAIN_SELF = YES;
				CLANG_WARN_OBJC_LITERAL_CONVERSION = YES;
				CLANG_WARN_OBJC_ROOT_CLASS = YES_ERROR;
				CLANG_WARN_RANGE_LOOP_ANALYSIS = YES;
				CLANG_WARN_STRICT_PROTOTYPES = YES;
				CLANG_WARN_SUSPICIOUS_MOVE = YES;
				CLANG_WARN_UNGUARDED_AVAILABILITY = YES_AGGRESSIVE;
				CLANG_WARN_UNREACHABLE_CODE = YES;
				CLANG_WARN__DUPLICATE_METHOD_MATCH = YES;
				COPY_PHASE_STRIP = NO;
				DEBUG_INFORMATION_FORMAT = dwarf;
				ENABLE_STRICT_OBJC_MSGSEND = YES;
				ENABLE_TESTABILITY = YES;
				GCC_C_LANGUAGE_STANDARD = gnu11;
				GCC_DYNAMIC_NO_PIC = NO;
				GCC_NO_COMMON_BLOCKS = YES;
				GCC_OPTIMIZATION_LEVEL = 0;
				GCC_PREPROCESSOR_DEFINITIONS = (
					"DEBUG=1",
					"$(inherited)",
				);
				GCC_WARN_64_TO_32_BIT_CONVERSION = YES;
				GCC_WARN_ABOUT_RETURN_TYPE = YES_ERROR;
				GCC_WARN_UNDECLARED_SELECTOR = YES;
				GCC_WARN_UNINITIALIZED_AUTOS = YES_AGGRESSIVE;
				GCC_WARN_UNUSED_FUNCTION = YES;
				GCC_WARN_UNUSED_VARIABLE = YES;
				IPHONEOS_DEPLOYMENT_TARGET = 13.2;
				MTL_ENABLE_DEBUG_INFO = INCLUDE_SOURCE;
				MTL_FAST_MATH = YES;
				ONLY_ACTIVE_ARCH = YES;
				SDKROOT = iphoneos;
				SWIFT_ACTIVE_COMPILATION_CONDITIONS = DEBUG;
				SWIFT_OPTIMIZATION_LEVEL = "-Onone";
			};
			name = Debug;
		};
		227259EF242FE46F00E70A46 /* Release */ = {
			isa = XCBuildConfiguration;
			buildSettings = {
				ALWAYS_SEARCH_USER_PATHS = NO;
				CLANG_ANALYZER_NONNULL = YES;
				CLANG_ANALYZER_NUMBER_OBJECT_CONVERSION = YES_AGGRESSIVE;
				CLANG_CXX_LANGUAGE_STANDARD = "gnu++14";
				CLANG_CXX_LIBRARY = "libc++";
				CLANG_ENABLE_MODULES = YES;
				CLANG_ENABLE_OBJC_ARC = YES;
				CLANG_ENABLE_OBJC_WEAK = YES;
				CLANG_WARN_BLOCK_CAPTURE_AUTORELEASING = YES;
				CLANG_WARN_BOOL_CONVERSION = YES;
				CLANG_WARN_COMMA = YES;
				CLANG_WARN_CONSTANT_CONVERSION = YES;
				CLANG_WARN_DEPRECATED_OBJC_IMPLEMENTATIONS = YES;
				CLANG_WARN_DIRECT_OBJC_ISA_USAGE = YES_ERROR;
				CLANG_WARN_DOCUMENTATION_COMMENTS = YES;
				CLANG_WARN_EMPTY_BODY = YES;
				CLANG_WARN_ENUM_CONVERSION = YES;
				CLANG_WARN_INFINITE_RECURSION = YES;
				CLANG_WARN_INT_CONVERSION = YES;
				CLANG_WARN_NON_LITERAL_NULL_CONVERSION = YES;
				CLANG_WARN_OBJC_IMPLICIT_RETAIN_SELF = YES;
				CLANG_WARN_OBJC_LITERAL_CONVERSION = YES;
				CLANG_WARN_OBJC_ROOT_CLASS = YES_ERROR;
				CLANG_WARN_RANGE_LOOP_ANALYSIS = YES;
				CLANG_WARN_STRICT_PROTOTYPES = YES;
				CLANG_WARN_SUSPICIOUS_MOVE = YES;
				CLANG_WARN_UNGUARDED_AVAILABILITY = YES_AGGRESSIVE;
				CLANG_WARN_UNREACHABLE_CODE = YES;
				CLANG_WARN__DUPLICATE_METHOD_MATCH = YES;
				COPY_PHASE_STRIP = NO;
				DEBUG_INFORMATION_FORMAT = "dwarf-with-dsym";
				ENABLE_NS_ASSERTIONS = NO;
				ENABLE_STRICT_OBJC_MSGSEND = YES;
				GCC_C_LANGUAGE_STANDARD = gnu11;
				GCC_NO_COMMON_BLOCKS = YES;
				GCC_WARN_64_TO_32_BIT_CONVERSION = YES;
				GCC_WARN_ABOUT_RETURN_TYPE = YES_ERROR;
				GCC_WARN_UNDECLARED_SELECTOR = YES;
				GCC_WARN_UNINITIALIZED_AUTOS = YES_AGGRESSIVE;
				GCC_WARN_UNUSED_FUNCTION = YES;
				GCC_WARN_UNUSED_VARIABLE = YES;
				IPHONEOS_DEPLOYMENT_TARGET = 13.2;
				MTL_ENABLE_DEBUG_INFO = NO;
				MTL_FAST_MATH = YES;
				SDKROOT = iphoneos;
				SWIFT_COMPILATION_MODE = wholemodule;
				SWIFT_OPTIMIZATION_LEVEL = "-O";
				VALIDATE_PRODUCT = YES;
			};
			name = Release;
		};
		227259F1242FE46F00E70A46 /* Debug */ = {
			isa = XCBuildConfiguration;
			buildSettings = {
				ASSETCATALOG_COMPILER_APPICON_NAME = AppIcon;
				CODE_SIGN_STYLE = Automatic;
				DEVELOPMENT_ASSET_PATHS = "\"Flex/Preview Content\"";
				DEVELOPMENT_TEAM = A9UMG393DW;
				ENABLE_PREVIEWS = YES;
				INFOPLIST_FILE = Flex/Info.plist;
				LD_RUNPATH_SEARCH_PATHS = (
					"$(inherited)",
					"@executable_path/Frameworks",
				);
				PRODUCT_BUNDLE_IDENTIFIER = com.themcewantech.www.Flex;
				PRODUCT_NAME = "$(TARGET_NAME)";
				SWIFT_VERSION = 5.0;
				TARGETED_DEVICE_FAMILY = 1;
			};
			name = Debug;
		};
		227259F2242FE46F00E70A46 /* Release */ = {
			isa = XCBuildConfiguration;
			buildSettings = {
				ASSETCATALOG_COMPILER_APPICON_NAME = AppIcon;
				CODE_SIGN_STYLE = Automatic;
				DEVELOPMENT_ASSET_PATHS = "\"Flex/Preview Content\"";
				DEVELOPMENT_TEAM = A9UMG393DW;
				ENABLE_PREVIEWS = YES;
				INFOPLIST_FILE = Flex/Info.plist;
				LD_RUNPATH_SEARCH_PATHS = (
					"$(inherited)",
					"@executable_path/Frameworks",
				);
				PRODUCT_BUNDLE_IDENTIFIER = com.themcewantech.www.Flex;
				PRODUCT_NAME = "$(TARGET_NAME)";
				SWIFT_VERSION = 5.0;
				TARGETED_DEVICE_FAMILY = 1;
			};
			name = Release;
		};
/* End XCBuildConfiguration section */

/* Begin XCConfigurationList section */
		227259D7242FE46C00E70A46 /* Build configuration list for PBXProject "Flex" */ = {
			isa = XCConfigurationList;
			buildConfigurations = (
				227259EE242FE46F00E70A46 /* Debug */,
				227259EF242FE46F00E70A46 /* Release */,
			);
			defaultConfigurationIsVisible = 0;
			defaultConfigurationName = Release;
		};
		227259F0242FE46F00E70A46 /* Build configuration list for PBXNativeTarget "Flex" */ = {
			isa = XCConfigurationList;
			buildConfigurations = (
				227259F1242FE46F00E70A46 /* Debug */,
				227259F2242FE46F00E70A46 /* Release */,
			);
			defaultConfigurationIsVisible = 0;
			defaultConfigurationName = Release;
		};
/* End XCConfigurationList section */
	};
	rootObject = 227259D4242FE46C00E70A46 /* Project object */;
}
